
Microsoft Visual Studio Solution File, Format Version 12.00
# Visual Studio Version 17
VisualStudioVersion = 17.11.35312.102
MinimumVisualStudioVersion = 10.0.40219.1
Project("{FAE04EC0-301F-11D3-BF4B-00C04F79EFBC}") = "BlazorLabbv2", "BlazorLabbv2\BlazorLabbv2.csproj", "{3E615131-ADE8-43A2-B1CA-2F2ED645CE87}"
EndProject
Global
	GlobalSection(SolutionConfigurationPlatforms) = preSolution
		Debug|Any CPU = Debug|Any CPU
		Release|Any CPU = Release|Any CPU
	EndGlobalSection
	GlobalSection(ProjectConfigurationPlatforms) = postSolution
		{3E615131-ADE8-43A2-B1CA-2F2ED645CE87}.Debug|Any CPU.ActiveCfg = Debug|Any CPU
		{3E615131-ADE8-43A2-B1CA-2F2ED645CE87}.Debug|Any CPU.Build.0 = Debug|Any CPU
		{3E615131-ADE8-43A2-B1CA-2F2ED645CE87}.Release|Any CPU.ActiveCfg = Release|Any CPU
		{3E615131-ADE8-43A2-B1CA-2F2ED645CE87}.Release|Any CPU.Build.0 = Release|Any CPU
	EndGlobalSection
	GlobalSection(SolutionProperties) = preSolution
		HideSolutionNode = FALSE
	EndGlobalSection
	GlobalSection(ExtensibilityGlobals) = postSolution
		SolutionGuid = {1E6A9E83-4905-46CE-A3F0-8BE3205B6AA3}
	EndGlobalSection
EndGlobal
